
Microsoft Visual Studio Solution File, Format Version 12.00
# Visual Studio 15
VisualStudioVersion = 15.0.28010.2041
MinimumVisualStudioVersion = 10.0.40219.1
Project("{FAE04EC0-301F-11D3-BF4B-00C04F79EFBC}") = "PlasticsFactory", "PlasticsFactory\PlasticsFactory.csproj", "{61451965-B788-4120-B713-0B7636FE3222}"
EndProject
Project("{FAE04EC0-301F-11D3-BF4B-00C04F79EFBC}") = "PlasticsFactory.Data", "PlasticsFactory.Data\PlasticsFactory.Data.csproj", "{505E1A49-A56D-49CA-9E6A-FB4DEF8E882C}"
EndProject
Project("{FAE04EC0-301F-11D3-BF4B-00C04F79EFBC}") = "PlasticsFactory.Bus", "BUS\PlasticsFactory.Bus.csproj", "{D7DD44B4-D440-4324-8F9A-C28C8B3509EC}"
EndProject
Project("{54435603-DBB4-11D2-8724-00A0C9A8B90C}") = "Setup", "Setup\Setup.vdproj", "{48632983-D196-4EB7-886F-C7D630833614}"
EndProject
Global
	GlobalSection(SolutionConfigurationPlatforms) = preSolution
		All|Any CPU = All|Any CPU
		All|x64 = All|x64
		Debug|Any CPU = Debug|Any CPU
		Debug|x64 = Debug|x64
		Release|Any CPU = Release|Any CPU
		Release|x64 = Release|x64
	EndGlobalSection
	GlobalSection(ProjectConfigurationPlatforms) = postSolution
		{61451965-B788-4120-B713-0B7636FE3222}.All|Any CPU.ActiveCfg = Release|Any CPU
		{61451965-B788-4120-B713-0B7636FE3222}.All|Any CPU.Build.0 = Release|Any CPU
		{61451965-B788-4120-B713-0B7636FE3222}.All|x64.ActiveCfg = Release|x64
		{61451965-B788-4120-B713-0B7636FE3222}.All|x64.Build.0 = Release|x64
		{61451965-B788-4120-B713-0B7636FE3222}.Debug|Any CPU.ActiveCfg = Debug|Any CPU
		{61451965-B788-4120-B713-0B7636FE3222}.Debug|Any CPU.Build.0 = Debug|Any CPU
		{61451965-B788-4120-B713-0B7636FE3222}.Debug|x64.ActiveCfg = Debug|x64
		{61451965-B788-4120-B713-0B7636FE3222}.Debug|x64.Build.0 = Debug|x64
		{61451965-B788-4120-B713-0B7636FE3222}.Release|Any CPU.ActiveCfg = Release|Any CPU
		{61451965-B788-4120-B713-0B7636FE3222}.Release|Any CPU.Build.0 = Release|Any CPU
		{61451965-B788-4120-B713-0B7636FE3222}.Release|x64.ActiveCfg = Release|x64
		{61451965-B788-4120-B713-0B7636FE3222}.Release|x64.Build.0 = Release|x64
		{505E1A49-A56D-49CA-9E6A-FB4DEF8E882C}.All|Any CPU.ActiveCfg = Release|Any CPU
		{505E1A49-A56D-49CA-9E6A-FB4DEF8E882C}.All|Any CPU.Build.0 = Release|Any CPU
		{505E1A49-A56D-49CA-9E6A-FB4DEF8E882C}.All|x64.ActiveCfg = Release|x64
		{505E1A49-A56D-49CA-9E6A-FB4DEF8E882C}.All|x64.Build.0 = Release|x64
		{505E1A49-A56D-49CA-9E6A-FB4DEF8E882C}.Debug|Any CPU.ActiveCfg = Debug|Any CPU
		{505E1A49-A56D-49CA-9E6A-FB4DEF8E882C}.Debug|Any CPU.Build.0 = Debug|Any CPU
		{505E1A49-A56D-49CA-9E6A-FB4DEF8E882C}.Debug|x64.ActiveCfg = Debug|x64
		{505E1A49-A56D-49CA-9E6A-FB4DEF8E882C}.Debug|x64.Build.0 = Debug|x64
		{505E1A49-A56D-49CA-9E6A-FB4DEF8E882C}.Release|Any CPU.ActiveCfg = Release|Any CPU
		{505E1A49-A56D-49CA-9E6A-FB4DEF8E882C}.Release|Any CPU.Build.0 = Release|Any CPU
		{505E1A49-A56D-49CA-9E6A-FB4DEF8E882C}.Release|x64.ActiveCfg = Release|x64
		{505E1A49-A56D-49CA-9E6A-FB4DEF8E882C}.Release|x64.Build.0 = Release|x64
		{D7DD44B4-D440-4324-8F9A-C28C8B3509EC}.All|Any CPU.ActiveCfg = Release|Any CPU
		{D7DD44B4-D440-4324-8F9A-C28C8B3509EC}.All|Any CPU.Build.0 = Release|Any CPU
		{D7DD44B4-D440-4324-8F9A-C28C8B3509EC}.All|x64.ActiveCfg = Release|x64
		{D7DD44B4-D440-4324-8F9A-C28C8B3509EC}.All|x64.Build.0 = Release|x64
		{D7DD44B4-D440-4324-8F9A-C28C8B3509EC}.Debug|Any CPU.ActiveCfg = Debug|Any CPU
		{D7DD44B4-D440-4324-8F9A-C28C8B3509EC}.Debug|Any CPU.Build.0 = Debug|Any CPU
		{D7DD44B4-D440-4324-8F9A-C28C8B3509EC}.Debug|x64.ActiveCfg = Debug|x64
		{D7DD44B4-D440-4324-8F9A-C28C8B3509EC}.Debug|x64.Build.0 = Debug|x64
		{D7DD44B4-D440-4324-8F9A-C28C8B3509EC}.Release|Any CPU.ActiveCfg = Release|Any CPU
		{D7DD44B4-D440-4324-8F9A-C28C8B3509EC}.Release|Any CPU.Build.0 = Release|Any CPU
		{D7DD44B4-D440-4324-8F9A-C28C8B3509EC}.Release|x64.ActiveCfg = Release|x64
		{D7DD44B4-D440-4324-8F9A-C28C8B3509EC}.Release|x64.Build.0 = Release|x64
		{48632983-D196-4EB7-886F-C7D630833614}.All|Any CPU.ActiveCfg = Release
		{48632983-D196-4EB7-886F-C7D630833614}.All|x64.ActiveCfg = Release
		{48632983-D196-4EB7-886F-C7D630833614}.Debug|Any CPU.ActiveCfg = Debug
		{48632983-D196-4EB7-886F-C7D630833614}.Debug|x64.ActiveCfg = Debug
		{48632983-D196-4EB7-886F-C7D630833614}.Release|Any CPU.ActiveCfg = Release
		{48632983-D196-4EB7-886F-C7D630833614}.Release|x64.ActiveCfg = Release
	EndGlobalSection
	GlobalSection(SolutionProperties) = preSolution
		HideSolutionNode = FALSE
	EndGlobalSection
	GlobalSection(ExtensibilityGlobals) = postSolution
		SolutionGuid = {57AB8183-7891-44E2-B51A-E3A4AF043304}
	EndGlobalSection
EndGlobal
